// !$*UTF8*$!
{
	archiveVersion = 1;
	classes = {
	};
	objectVersion = 46;
	objects = {

/* Begin PBXBuildFile section */
		A66F93101E8F2E8B007DC7F8 /* main.m in Sources */ = {isa = PBXBuildFile; fileRef = A66F930F1E8F2E8B007DC7F8 /* main.m */; };
		A66F93181E8F2E9F007DC7F8 /* HSAIPathFinding.m in Sources */ = {isa = PBXBuildFile; fileRef = A66F93171E8F2E9F007DC7F8 /* HSAIPathFinding.m */; };
		A66F931B1E8F2F30007DC7F8 /* MyPathFinder.m in Sources */ = {isa = PBXBuildFile; fileRef = A66F931A1E8F2F30007DC7F8 /* MyPathFinder.m */; };
/* End PBXBuildFile section */

/* Begin PBXCopyFilesBuildPhase section */
		A66F930A1E8F2E8B007DC7F8 /* CopyFiles */ = {
			isa = PBXCopyFilesBuildPhase;
			buildActionMask = 2147483647;
			dstPath = /usr/share/man/man1/;
			dstSubfolderSpec = 0;
			files = (
			);
			runOnlyForDeploymentPostprocessing = 1;
		};
/* End PBXCopyFilesBuildPhase section */

/* Begin PBXFileReference section */
		A66F930C1E8F2E8B007DC7F8 /* TestAStar */ = {isa = PBXFileReference; explicitFileType = "compiled.mach-o.executable"; includeInIndex = 0; path = TestAStar; sourceTree = BUILT_PRODUCTS_DIR; };
		A66F930F1E8F2E8B007DC7F8 /* main.m */ = {isa = PBXFileReference; lastKnownFileType = sourcecode.c.objc; path = main.m; sourceTree = "<group>"; };
		A66F93161E8F2E9F007DC7F8 /* HSAIPathFinding.h */ = {isa = PBXFileReference; fileEncoding = 4; lastKnownFileType = sourcecode.c.h; path = HSAIPathFinding.h; sourceTree = "<group>"; };
		A66F93171E8F2E9F007DC7F8 /* HSAIPathFinding.m */ = {isa = PBXFileReference; fileEncoding = 4; lastKnownFileType = sourcecode.c.objc; path = HSAIPathFinding.m; sourceTree = "<group>"; };
		A66F93191E8F2F30007DC7F8 /* MyPathFinder.h */ = {isa = PBXFileReference; fileEncoding = 4; lastKnownFileType = sourcecode.c.h; path = MyPathFinder.h; sourceTree = "<group>"; };
		A66F931A1E8F2F30007DC7F8 /* MyPathFinder.m */ = {isa = PBXFileReference; fileEncoding = 4; lastKnownFileType = sourcecode.c.objc; path = MyPathFinder.m; sourceTree = "<group>"; };
/* End PBXFileReference section */

/* Begin PBXFrameworksBuildPhase section */
		A66F93091E8F2E8B007DC7F8 /* Frameworks */ = {
			isa = PBXFrameworksBuildPhase;
			buildActionMask = 2147483647;
			files = (
			);
			runOnlyForDeploymentPostprocessing = 0;
		};
/* End PBXFrameworksBuildPhase section */

/* Begin PBXGroup section */
		A66F93031E8F2E8B007DC7F8 = {
			isa = PBXGroup;
			children = (
				A66F930E1E8F2E8B007DC7F8 /* TestAStar */,
				A66F930D1E8F2E8B007DC7F8 /* Products */,
			);
			sourceTree = "<group>";
		};
		A66F930D1E8F2E8B007DC7F8 /* Products */ = {
			isa = PBXGroup;
			children = (
				A66F930C1E8F2E8B007DC7F8 /* TestAStar */,
			);
			name = Products;
			sourceTree = "<group>";
		};
		A66F930E1E8F2E8B007DC7F8 /* TestAStar */ = {
			isa = PBXGroup;
			children = (
				A66F93161E8F2E9F007DC7F8 /* HSAIPathFinding.h */,
				A66F93171E8F2E9F007DC7F8 /* HSAIPathFinding.m */,
				A66F930F1E8F2E8B007DC7F8 /* main.m */,
				A66F93191E8F2F30007DC7F8 /* MyPathFinder.h */,
				A66F931A1E8F2F30007DC7F8 /* MyPathFinder.m */,
			);
			path = TestAStar;
			sourceTree = "<group>";
		};
/* End PBXGroup section */

/* Begin PBXNativeTarget section */
		A66F930B1E8F2E8B007DC7F8 /* TestAStar */ = {
			isa = PBXNativeTarget;
			buildConfigurationList = A66F93131E8F2E8B007DC7F8 /* Build configuration list for PBXNativeTarget "TestAStar" */;
			buildPhases = (
				A66F93081E8F2E8B007DC7F8 /* Sources */,
				A66F93091E8F2E8B007DC7F8 /* Frameworks */,
				A66F930A1E8F2E8B007DC7F8 /* CopyFiles */,
			);
			buildRules = (
			);
			dependencies = (
			);
			name = TestAStar;
			productName = TestAStar;
			productReference = A66F930C1E8F2E8B007DC7F8 /* TestAStar */;
			productType = "com.apple.product-type.tool";
		};
/* End PBXNativeTarget section */

/* Begin PBXProject section */
		A66F93041E8F2E8B007DC7F8 /* Project object */ = {
			isa = PBXProject;
			attributes = {
				LastUpgradeCheck = 0820;
				ORGANIZATIONNAME = Sunhy;
				TargetAttributes = {
					A66F930B1E8F2E8B007DC7F8 = {
						CreatedOnToolsVersion = 8.2.1;
						DevelopmentTeam = E7A7QY4LZ2;
						ProvisioningStyle = Automatic;
					};
				};
			};
			buildConfigurationList = A66F93071E8F2E8B007DC7F8 /* Build configuration list for PBXProject "TestAStar" */;
			compatibilityVersion = "Xcode 3.2";
			developmentRegion = English;
			hasScannedForEncodings = 0;
			knownRegions = (
				en,
			);
			mainGroup = A66F93031E8F2E8B007DC7F8;
			productRefGroup = A66F930D1E8F2E8B007DC7F8 /* Products */;
			projectDirPath = "";
			projectRoot = "";
			targets = (
				A66F930B1E8F2E8B007DC7F8 /* TestAStar */,
			);
		};
/* End PBXProject section */

/* Begin PBXSourcesBuildPhase section */
		A66F93081E8F2E8B007DC7F8 /* Sources */ = {
			isa = PBXSourcesBuildPhase;
			buildActionMask = 2147483647;
			files = (
				A66F93101E8F2E8B007DC7F8 /* main.m in Sources */,
				A66F93181E8F2E9F007DC7F8 /* HSAIPathFinding.m in Sources */,
				A66F931B1E8F2F30007DC7F8 /* MyPathFinder.m in Sources */,
			);
			runOnlyForDeploymentPostprocessing = 0;
		};
/* End PBXSourcesBuildPhase section */

/* Begin XCBuildConfiguration section */
		A66F93111E8F2E8B007DC7F8 /* Debug */ = {
			isa = XCBuildConfiguration;
			buildSettings = {
				ALWAYS_SEARCH_USER_PATHS = NO;
				CLANG_ANALYZER_NONNULL = YES;
				CLANG_CXX_LANGUAGE_STANDARD = "gnu++0x";
				CLANG_CXX_LIBRARY = "libc++";
				CLANG_ENABLE_MODULES = YES;
				CLANG_ENABLE_OBJC_ARC = YES;
				CLANG_WARN_BOOL_CONVERSION = YES;
				CLANG_WARN_CONSTANT_CONVERSION = YES;
				CLANG_WARN_DIRECT_OBJC_ISA_USAGE = YES_ERROR;
				CLANG_WARN_DOCUMENTATION_COMMENTS = YES;
				CLANG_WARN_EMPTY_BODY = YES;
				CLANG_WARN_ENUM_CONVERSION = YES;
				CLANG_WARN_INFINITE_RECURSION = YES;
				CLANG_WARN_INT_CONVERSION = YES;
				CLANG_WARN_OBJC_ROOT_CLASS = YES_ERROR;
				CLANG_WARN_SUSPICIOUS_MOVE = YES;
				CLANG_WARN_UNREACHABLE_CODE = YES;
				CLANG_WARN__DUPLICATE_METHOD_MATCH = YES;
				CODE_SIGN_IDENTITY = "-";
				COPY_PHASE_STRIP = NO;
				DEBUG_INFORMATION_FORMAT = dwarf;
				ENABLE_STRICT_OBJC_MSGSEND = YES;
				ENABLE_TESTABILITY = YES;
				GCC_C_LANGUAGE_STANDARD = gnu99;
				GCC_DYNAMIC_NO_PIC = NO;
				GCC_NO_COMMON_BLOCKS = YES;
				GCC_OPTIMIZATION_LEVEL = 0;
				GCC_PREPROCESSOR_DEFINITIONS = (
					"DEBUG=1",
					"$(inherited)",
				);
				GCC_WARN_64_TO_32_BIT_CONVERSION = YES;
				GCC_WARN_ABOUT_RETURN_TYPE = YES_ERROR;
				GCC_WARN_UNDECLARED_SELECTOR = YES;
				GCC_WARN_UNINITIALIZED_AUTOS = YES_AGGRESSIVE;
				GCC_WARN_UNUSED_FUNCTION = YES;
				GCC_WARN_UNUSED_VARIABLE = YES;
				MACOSX_DEPLOYMENT_TARGET = 10.11;
				MTL_ENABLE_DEBUG_INFO = YES;
				ONLY_ACTIVE_ARCH = YES;
				SDKROOT = macosx;
			};
			name = Debug;
		};
		A66F93121E8F2E8B007DC7F8 /* Release */ = {
			isa = XCBuildConfiguration;
			buildSettings = {
				ALWAYS_SEARCH_USER_PATHS = NO;
				CLANG_ANALYZER_NONNULL = YES;
				CLANG_CXX_LANGUAGE_STANDARD = "gnu++0x";
				CLANG_CXX_LIBRARY = "libc++";
				CLANG_ENABLE_MODULES = YES;
				CLANG_ENABLE_OBJC_ARC = YES;
				CLANG_WARN_BOOL_CONVERSION = YES;
				CLANG_WARN_CONSTANT_CONVERSION = YES;
				CLANG_WARN_DIRECT_OBJC_ISA_USAGE = YES_ERROR;
				CLANG_WARN_DOCUMENTATION_COMMENTS = YES;
				CLANG_WARN_EMPTY_BODY = YES;
				CLANG_WARN_ENUM_CONVERSION = YES;
				CLANG_WARN_INFINITE_RECURSION = YES;
				CLANG_WARN_INT_CONVERSION = YES;
				CLANG_WARN_OBJC_ROOT_CLASS = YES_ERROR;
				CLANG_WARN_SUSPICIOUS_MOVE = YES;
				CLANG_WARN_UNREACHABLE_CODE = YES;
				CLANG_WARN__DUPLICATE_METHOD_MATCH = YES;
				CODE_SIGN_IDENTITY = "-";
				COPY_PHASE_STRIP = NO;
				DEBUG_INFORMATION_FORMAT = "dwarf-with-dsym";
				ENABLE_NS_ASSERTIONS = NO;
				ENABLE_STRICT_OBJC_MSGSEND = YES;
				GCC_C_LANGUAGE_STANDARD = gnu99;
				GCC_NO_COMMON_BLOCKS = YES;
				GCC_WARN_64_TO_32_BIT_CONVERSION = YES;
				GCC_WARN_ABOUT_RETURN_TYPE = YES_ERROR;
				GCC_WARN_UNDECLARED_SELECTOR = YES;
				GCC_WARN_UNINITIALIZED_AUTOS = YES_AGGRESSIVE;
				GCC_WARN_UNUSED_FUNCTION = YES;
				GCC_WARN_UNUSED_VARIABLE = YES;
				MACOSX_DEPLOYMENT_TARGET = 10.11;
				MTL_ENABLE_DEBUG_INFO = NO;
				SDKROOT = macosx;
			};
			name = Release;
		};
		A66F93141E8F2E8B007DC7F8 /* Debug */ = {
			isa = XCBuildConfiguration;
			buildSettings = {
				DEVELOPMENT_TEAM = E7A7QY4LZ2;
				PRODUCT_NAME = "$(TARGET_NAME)";
			};
			name = Debug;
		};
		A66F93151E8F2E8B007DC7F8 /* Release */ = {
			isa = XCBuildConfiguration;
			buildSettings = {
				DEVELOPMENT_TEAM = E7A7QY4LZ2;
				PRODUCT_NAME = "$(TARGET_NAME)";
			};
			name = Release;
		};
/* End XCBuildConfiguration section */

/* Begin XCConfigurationList section */
		A66F93071E8F2E8B007DC7F8 /* Build configuration list for PBXProject "TestAStar" */ = {
			isa = XCConfigurationList;
			buildConfigurations = (
				A66F93111E8F2E8B007DC7F8 /* Debug */,
				A66F93121E8F2E8B007DC7F8 /* Release */,
			);
			defaultConfigurationIsVisible = 0;
			defaultConfigurationName = Release;
		};
		A66F93131E8F2E8B007DC7F8 /* Build configuration list for PBXNativeTarget "TestAStar" */ = {
			isa = XCConfigurationList;
			buildConfigurations = (
				A66F93141E8F2E8B007DC7F8 /* Debug */,
				A66F93151E8F2E8B007DC7F8 /* Release */,
			);
			defaultConfigurationIsVisible = 0;
		};
/* End XCConfigurationList section */
	};
	rootObject = A66F93041E8F2E8B007DC7F8 /* Project object */;
}
